// !$*UTF8*$!
{
	archiveVersion = 1;
	classes = {
	};
	objectVersion = 50;
	objects = {

/* Begin PBXBuildFile section */
		5061B5EA24BCE1DB00C50CBA /* VideoTableViewCell.swift in Sources */ = {isa = PBXBuildFile; fileRef = 5061B5E924BCE1DB00C50CBA /* VideoTableViewCell.swift */; };
		50C4359D24BCEF5E003BE57F /* CacheManager.swift in Sources */ = {isa = PBXBuildFile; fileRef = 50C4359C24BCEF5E003BE57F /* CacheManager.swift */; };
		50CB9A5624BA4FBA00BAAF95 /* Constants.swift in Sources */ = {isa = PBXBuildFile; fileRef = 50CB9A5524BA4FBA00BAAF95 /* Constants.swift */; };
		50CB9A5824BA52AF00BAAF95 /* Video.swift in Sources */ = {isa = PBXBuildFile; fileRef = 50CB9A5724BA52AF00BAAF95 /* Video.swift */; };
		50CB9A5A24BA550200BAAF95 /* Model.swift in Sources */ = {isa = PBXBuildFile; fileRef = 50CB9A5924BA550200BAAF95 /* Model.swift */; };
		50CB9A5C24BA5B8900BAAF95 /* ConstantsTemplate.swift in Sources */ = {isa = PBXBuildFile; fileRef = 50CB9A5B24BA5B8900BAAF95 /* ConstantsTemplate.swift */; };
		50D17CF324BE02F500A0A80A /* DetailViewController.swift in Sources */ = {isa = PBXBuildFile; fileRef = 50D17CF224BE02F500A0A80A /* DetailViewController.swift */; };
		50D1B22C24B63DFF0032525F /* AppDelegate.swift in Sources */ = {isa = PBXBuildFile; fileRef = 50D1B22B24B63DFF0032525F /* AppDelegate.swift */; };
		50D1B22E24B63DFF0032525F /* SceneDelegate.swift in Sources */ = {isa = PBXBuildFile; fileRef = 50D1B22D24B63DFF0032525F /* SceneDelegate.swift */; };
		50D1B23024B63DFF0032525F /* ViewController.swift in Sources */ = {isa = PBXBuildFile; fileRef = 50D1B22F24B63DFF0032525F /* ViewController.swift */; };
		50D1B23324B63DFF0032525F /* Main.storyboard in Resources */ = {isa = PBXBuildFile; fileRef = 50D1B23124B63DFF0032525F /* Main.storyboard */; };
		50D1B23524B63E000032525F /* Assets.xcassets in Resources */ = {isa = PBXBuildFile; fileRef = 50D1B23424B63E000032525F /* Assets.xcassets */; };
		50D1B23824B63E000032525F /* LaunchScreen.storyboard in Resources */ = {isa = PBXBuildFile; fileRef = 50D1B23624B63E000032525F /* LaunchScreen.storyboard */; };
		50ED48A224BB9EC100ED0BDF /* Response.swift in Sources */ = {isa = PBXBuildFile; fileRef = 50ED48A124BB9EC100ED0BDF /* Response.swift */; };
/* End PBXBuildFile section */

/* Begin PBXFileReference section */
		5061B5E924BCE1DB00C50CBA /* VideoTableViewCell.swift */ = {isa = PBXFileReference; lastKnownFileType = sourcecode.swift; path = VideoTableViewCell.swift; sourceTree = "<group>"; };
		50C4359C24BCEF5E003BE57F /* CacheManager.swift */ = {isa = PBXFileReference; lastKnownFileType = sourcecode.swift; path = CacheManager.swift; sourceTree = "<group>"; };
		50CB9A5524BA4FBA00BAAF95 /* Constants.swift */ = {isa = PBXFileReference; lastKnownFileType = sourcecode.swift; name = Constants.swift; path = ../Constants.swift; sourceTree = "<group>"; };
		50CB9A5724BA52AF00BAAF95 /* Video.swift */ = {isa = PBXFileReference; lastKnownFileType = sourcecode.swift; path = Video.swift; sourceTree = "<group>"; };
		50CB9A5924BA550200BAAF95 /* Model.swift */ = {isa = PBXFileReference; lastKnownFileType = sourcecode.swift; path = Model.swift; sourceTree = "<group>"; };
		50CB9A5B24BA5B8900BAAF95 /* ConstantsTemplate.swift */ = {isa = PBXFileReference; lastKnownFileType = sourcecode.swift; path = ConstantsTemplate.swift; sourceTree = "<group>"; };
		50D17CF224BE02F500A0A80A /* DetailViewController.swift */ = {isa = PBXFileReference; lastKnownFileType = sourcecode.swift; path = DetailViewController.swift; sourceTree = "<group>"; };
		50D1B22824B63DFF0032525F /* YouTube.app */ = {isa = PBXFileReference; explicitFileType = wrapper.application; includeInIndex = 0; path = YouTube.app; sourceTree = BUILT_PRODUCTS_DIR; };
		50D1B22B24B63DFF0032525F /* AppDelegate.swift */ = {isa = PBXFileReference; lastKnownFileType = sourcecode.swift; path = AppDelegate.swift; sourceTree = "<group>"; };
		50D1B22D24B63DFF0032525F /* SceneDelegate.swift */ = {isa = PBXFileReference; lastKnownFileType = sourcecode.swift; path = SceneDelegate.swift; sourceTree = "<group>"; };
		50D1B22F24B63DFF0032525F /* ViewController.swift */ = {isa = PBXFileReference; lastKnownFileType = sourcecode.swift; path = ViewController.swift; sourceTree = "<group>"; };
		50D1B23224B63DFF0032525F /* Base */ = {isa = PBXFileReference; lastKnownFileType = file.storyboard; name = Base; path = Base.lproj/Main.storyboard; sourceTree = "<group>"; };
		50D1B23424B63E000032525F /* Assets.xcassets */ = {isa = PBXFileReference; lastKnownFileType = folder.assetcatalog; path = Assets.xcassets; sourceTree = "<group>"; };
		50D1B23724B63E000032525F /* Base */ = {isa = PBXFileReference; lastKnownFileType = file.storyboard; name = Base; path = Base.lproj/LaunchScreen.storyboard; sourceTree = "<group>"; };
		50D1B23924B63E000032525F /* Info.plist */ = {isa = PBXFileReference; lastKnownFileType = text.plist.xml; path = Info.plist; sourceTree = "<group>"; };
		50ED48A124BB9EC100ED0BDF /* Response.swift */ = {isa = PBXFileReference; lastKnownFileType = sourcecode.swift; path = Response.swift; sourceTree = "<group>"; };
/* End PBXFileReference section */

/* Begin PBXFrameworksBuildPhase section */
		50D1B22524B63DFF0032525F /* Frameworks */ = {
			isa = PBXFrameworksBuildPhase;
			buildActionMask = 2147483647;
			files = (
			);
			runOnlyForDeploymentPostprocessing = 0;
		};
/* End PBXFrameworksBuildPhase section */

/* Begin PBXGroup section */
		5061B5EB24BCE20500C50CBA /* Models */ = {
			isa = PBXGroup;
			children = (
				50CB9A5724BA52AF00BAAF95 /* Video.swift */,
				50CB9A5924BA550200BAAF95 /* Model.swift */,
				50ED48A124BB9EC100ED0BDF /* Response.swift */,
			);
			path = Models;
			sourceTree = "<group>";
		};
		5061B5EC24BCE20D00C50CBA /* Views */ = {
			isa = PBXGroup;
			children = (
				5061B5E924BCE1DB00C50CBA /* VideoTableViewCell.swift */,
			);
			path = Views;
			sourceTree = "<group>";
		};
		5061B5ED24BCE21E00C50CBA /* Controllers */ = {
			isa = PBXGroup;
			children = (
				50D1B22F24B63DFF0032525F /* ViewController.swift */,
				50D17CF224BE02F500A0A80A /* DetailViewController.swift */,
			);
			path = Controllers;
			sourceTree = "<group>";
		};
		5061B5EE24BCE26700C50CBA /* Helper */ = {
			isa = PBXGroup;
			children = (
				50CB9A5524BA4FBA00BAAF95 /* Constants.swift */,
				50CB9A5B24BA5B8900BAAF95 /* ConstantsTemplate.swift */,
				50C4359C24BCEF5E003BE57F /* CacheManager.swift */,
			);
			path = Helper;
			sourceTree = "<group>";
		};
		5061B5EF24BCE27100C50CBA /* Storyboards */ = {
			isa = PBXGroup;
			children = (
				50D1B23124B63DFF0032525F /* Main.storyboard */,
				50D1B23624B63E000032525F /* LaunchScreen.storyboard */,
			);
			path = Storyboards;
			sourceTree = "<group>";
		};
		50D1B21F24B63DFF0032525F = {
			isa = PBXGroup;
			children = (
				50D1B22A24B63DFF0032525F /* YouTube */,
				50D1B22924B63DFF0032525F /* Products */,
			);
			sourceTree = "<group>";
		};
		50D1B22924B63DFF0032525F /* Products */ = {
			isa = PBXGroup;
			children = (
				50D1B22824B63DFF0032525F /* YouTube.app */,
			);
			name = Products;
			sourceTree = "<group>";
		};
		50D1B22A24B63DFF0032525F /* YouTube */ = {
			isa = PBXGroup;
			children = (
				50D1B22B24B63DFF0032525F /* AppDelegate.swift */,
				50D1B22D24B63DFF0032525F /* SceneDelegate.swift */,
				5061B5EF24BCE27100C50CBA /* Storyboards */,
				5061B5EE24BCE26700C50CBA /* Helper */,
				5061B5ED24BCE21E00C50CBA /* Controllers */,
				5061B5EC24BCE20D00C50CBA /* Views */,
				5061B5EB24BCE20500C50CBA /* Models */,
				50D1B23424B63E000032525F /* Assets.xcassets */,
				50D1B23924B63E000032525F /* Info.plist */,
			);
			path = YouTube;
			sourceTree = "<group>";
		};
/* End PBXGroup section */

/* Begin PBXNativeTarget section */
		50D1B22724B63DFF0032525F /* YouTube */ = {
			isa = PBXNativeTarget;
			buildConfigurationList = 50D1B23C24B63E000032525F /* Build configuration list for PBXNativeTarget "YouTube" */;
			buildPhases = (
				50D1B22424B63DFF0032525F /* Sources */,
				50D1B22524B63DFF0032525F /* Frameworks */,
				50D1B22624B63DFF0032525F /* Resources */,
			);
			buildRules = (
			);
			dependencies = (
			);
			name = YouTube;
			productName = YouTube;
			productReference = 50D1B22824B63DFF0032525F /* YouTube.app */;
			productType = "com.apple.product-type.application";
		};
/* End PBXNativeTarget section */

/* Begin PBXProject section */
		50D1B22024B63DFF0032525F /* Project object */ = {
			isa = PBXProject;
			attributes = {
				LastSwiftUpdateCheck = 1100;
				LastUpgradeCheck = 1100;
				ORGANIZATIONNAME = "Sachin Sharma";
				TargetAttributes = {
					50D1B22724B63DFF0032525F = {
						CreatedOnToolsVersion = 11.0;
					};
				};
			};
			buildConfigurationList = 50D1B22324B63DFF0032525F /* Build configuration list for PBXProject "YouTube" */;
			compatibilityVersion = "Xcode 9.3";
			developmentRegion = en;
			hasScannedForEncodings = 0;
			knownRegions = (
				en,
				Base,
			);
			mainGroup = 50D1B21F24B63DFF0032525F;
			productRefGroup = 50D1B22924B63DFF0032525F /* Products */;
			projectDirPath = "";
			projectRoot = "";
			targets = (
				50D1B22724B63DFF0032525F /* YouTube */,
			);
		};
/* End PBXProject section */

/* Begin PBXResourcesBuildPhase section */
		50D1B22624B63DFF0032525F /* Resources */ = {
			isa = PBXResourcesBuildPhase;
			buildActionMask = 2147483647;
			files = (
				50D1B23824B63E000032525F /* LaunchScreen.storyboard in Resources */,
				50D1B23524B63E000032525F /* Assets.xcassets in Resources */,
				50D1B23324B63DFF0032525F /* Main.storyboard in Resources */,
			);
			runOnlyForDeploymentPostprocessing = 0;
		};
/* End PBXResourcesBuildPhase section */

/* Begin PBXSourcesBuildPhase section */
		50D1B22424B63DFF0032525F /* Sources */ = {
			isa = PBXSourcesBuildPhase;
			buildActionMask = 2147483647;
			files = (
				50D17CF324BE02F500A0A80A /* DetailViewController.swift in Sources */,
				50ED48A224BB9EC100ED0BDF /* Response.swift in Sources */,
				50CB9A5C24BA5B8900BAAF95 /* ConstantsTemplate.swift in Sources */,
				50D1B23024B63DFF0032525F /* ViewController.swift in Sources */,
				50D1B22C24B63DFF0032525F /* AppDelegate.swift in Sources */,
				5061B5EA24BCE1DB00C50CBA /* VideoTableViewCell.swift in Sources */,
				50D1B22E24B63DFF0032525F /* SceneDelegate.swift in Sources */,
				50C4359D24BCEF5E003BE57F /* CacheManager.swift in Sources */,
				50CB9A5A24BA550200BAAF95 /* Model.swift in Sources */,
				50CB9A5624BA4FBA00BAAF95 /* Constants.swift in Sources */,
				50CB9A5824BA52AF00BAAF95 /* Video.swift in Sources */,
			);
			runOnlyForDeploymentPostprocessing = 0;
		};
/* End PBXSourcesBuildPhase section */

/* Begin PBXVariantGroup section */
		50D1B23124B63DFF0032525F /* Main.storyboard */ = {
			isa = PBXVariantGroup;
			children = (
				50D1B23224B63DFF0032525F /* Base */,
			);
			name = Main.storyboard;
			sourceTree = "<group>";
		};
		50D1B23624B63E000032525F /* LaunchScreen.storyboard */ = {
			isa = PBXVariantGroup;
			children = (
				50D1B23724B63E000032525F /* Base */,
			);
			name = LaunchScreen.storyboard;
			sourceTree = "<group>";
		};
/* End PBXVariantGroup section */

/* Begin XCBuildConfiguration section */
		50D1B23A24B63E000032525F /* Debug */ = {
			isa = XCBuildConfiguration;
			buildSettings = {
				ALWAYS_SEARCH_USER_PATHS = NO;
				CLANG_ANALYZER_NONNULL = YES;
				CLANG_ANALYZER_NUMBER_OBJECT_CONVERSION = YES_AGGRESSIVE;
				CLANG_CXX_LANGUAGE_STANDARD = "gnu++14";
				CLANG_CXX_LIBRARY = "libc++";
				CLANG_ENABLE_MODULES = YES;
				CLANG_ENABLE_OBJC_ARC = YES;
				CLANG_ENABLE_OBJC_WEAK = YES;
				CLANG_WARN_BLOCK_CAPTURE_AUTORELEASING = YES;
				CLANG_WARN_BOOL_CONVERSION = YES;
				CLANG_WARN_COMMA = YES;
				CLANG_WARN_CONSTANT_CONVERSION = YES;
				CLANG_WARN_DEPRECATED_OBJC_IMPLEMENTATIONS = YES;
				CLANG_WARN_DIRECT_OBJC_ISA_USAGE = YES_ERROR;
				CLANG_WARN_DOCUMENTATION_COMMENTS = YES;
				CLANG_WARN_EMPTY_BODY = YES;
				CLANG_WARN_ENUM_CONVERSION = YES;
				CLANG_WARN_INFINITE_RECURSION = YES;
				CLANG_WARN_INT_CONVERSION = YES;
				CLANG_WARN_NON_LITERAL_NULL_CONVERSION = YES;
				CLANG_WARN_OBJC_IMPLICIT_RETAIN_SELF = YES;
				CLANG_WARN_OBJC_LITERAL_CONVERSION = YES;
				CLANG_WARN_OBJC_ROOT_CLASS = YES_ERROR;
				CLANG_WARN_RANGE_LOOP_ANALYSIS = YES;
				CLANG_WARN_STRICT_PROTOTYPES = YES;
				CLANG_WARN_SUSPICIOUS_MOVE = YES;
				CLANG_WARN_UNGUARDED_AVAILABILITY = YES_AGGRESSIVE;
				CLANG_WARN_UNREACHABLE_CODE = YES;
				CLANG_WARN__DUPLICATE_METHOD_MATCH = YES;
				COPY_PHASE_STRIP = NO;
				DEBUG_INFORMATION_FORMAT = dwarf;
				ENABLE_STRICT_OBJC_MSGSEND = YES;
				ENABLE_TESTABILITY = YES;
				GCC_C_LANGUAGE_STANDARD = gnu11;
				GCC_DYNAMIC_NO_PIC = NO;
				GCC_NO_COMMON_BLOCKS = YES;
				GCC_OPTIMIZATION_LEVEL = 0;
				GCC_PREPROCESSOR_DEFINITIONS = (
					"DEBUG=1",
					"$(inherited)",
				);
				GCC_WARN_64_TO_32_BIT_CONVERSION = YES;
				GCC_WARN_ABOUT_RETURN_TYPE = YES_ERROR;
				GCC_WARN_UNDECLARED_SELECTOR = YES;
				GCC_WARN_UNINITIALIZED_AUTOS = YES_AGGRESSIVE;
				GCC_WARN_UNUSED_FUNCTION = YES;
				GCC_WARN_UNUSED_VARIABLE = YES;
				IPHONEOS_DEPLOYMENT_TARGET = 13.0;
				MTL_ENABLE_DEBUG_INFO = INCLUDE_SOURCE;
				MTL_FAST_MATH = YES;
				ONLY_ACTIVE_ARCH = YES;
				SDKROOT = iphoneos;
				SWIFT_ACTIVE_COMPILATION_CONDITIONS = DEBUG;
				SWIFT_OPTIMIZATION_LEVEL = "-Onone";
			};
			name = Debug;
		};
		50D1B23B24B63E000032525F /* Release */ = {
			isa = XCBuildConfiguration;
			buildSettings = {
				ALWAYS_SEARCH_USER_PATHS = NO;
				CLANG_ANALYZER_NONNULL = YES;
				CLANG_ANALYZER_NUMBER_OBJECT_CONVERSION = YES_AGGRESSIVE;
				CLANG_CXX_LANGUAGE_STANDARD = "gnu++14";
				CLANG_CXX_LIBRARY = "libc++";
				CLANG_ENABLE_MODULES = YES;
				CLANG_ENABLE_OBJC_ARC = YES;
				CLANG_ENABLE_OBJC_WEAK = YES;
				CLANG_WARN_BLOCK_CAPTURE_AUTORELEASING = YES;
				CLANG_WARN_BOOL_CONVERSION = YES;
				CLANG_WARN_COMMA = YES;
				CLANG_WARN_CONSTANT_CONVERSION = YES;
				CLANG_WARN_DEPRECATED_OBJC_IMPLEMENTATIONS = YES;
				CLANG_WARN_DIRECT_OBJC_ISA_USAGE = YES_ERROR;
				CLANG_WARN_DOCUMENTATION_COMMENTS = YES;
				CLANG_WARN_EMPTY_BODY = YES;
				CLANG_WARN_ENUM_CONVERSION = YES;
				CLANG_WARN_INFINITE_RECURSION = YES;
				CLANG_WARN_INT_CONVERSION = YES;
				CLANG_WARN_NON_LITERAL_NULL_CONVERSION = YES;
				CLANG_WARN_OBJC_IMPLICIT_RETAIN_SELF = YES;
				CLANG_WARN_OBJC_LITERAL_CONVERSION = YES;
				CLANG_WARN_OBJC_ROOT_CLASS = YES_ERROR;
				CLANG_WARN_RANGE_LOOP_ANALYSIS = YES;
				CLANG_WARN_STRICT_PROTOTYPES = YES;
				CLANG_WARN_SUSPICIOUS_MOVE = YES;
				CLANG_WARN_UNGUARDED_AVAILABILITY = YES_AGGRESSIVE;
				CLANG_WARN_UNREACHABLE_CODE = YES;
				CLANG_WARN__DUPLICATE_METHOD_MATCH = YES;
				COPY_PHASE_STRIP = NO;
				DEBUG_INFORMATION_FORMAT = "dwarf-with-dsym";
				ENABLE_NS_ASSERTIONS = NO;
				ENABLE_STRICT_OBJC_MSGSEND = YES;
				GCC_C_LANGUAGE_STANDARD = gnu11;
				GCC_NO_COMMON_BLOCKS = YES;
				GCC_WARN_64_TO_32_BIT_CONVERSION = YES;
				GCC_WARN_ABOUT_RETURN_TYPE = YES_ERROR;
				GCC_WARN_UNDECLARED_SELECTOR = YES;
				GCC_WARN_UNINITIALIZED_AUTOS = YES_AGGRESSIVE;
				GCC_WARN_UNUSED_FUNCTION = YES;
				GCC_WARN_UNUSED_VARIABLE = YES;
				IPHONEOS_DEPLOYMENT_TARGET = 13.0;
				MTL_ENABLE_DEBUG_INFO = NO;
				MTL_FAST_MATH = YES;
				SDKROOT = iphoneos;
				SWIFT_COMPILATION_MODE = wholemodule;
				SWIFT_OPTIMIZATION_LEVEL = "-O";
				VALIDATE_PRODUCT = YES;
			};
			name = Release;
		};
		50D1B23D24B63E000032525F /* Debug */ = {
			isa = XCBuildConfiguration;
			buildSettings = {
				ASSETCATALOG_COMPILER_APPICON_NAME = AppIcon;
				CODE_SIGN_STYLE = Automatic;
				DEVELOPMENT_TEAM = 52DGQ2Y4FA;
				INFOPLIST_FILE = YouTube/Info.plist;
				LD_RUNPATH_SEARCH_PATHS = (
					"$(inherited)",
					"@executable_path/Frameworks",
				);
				PRODUCT_BUNDLE_IDENTIFIER = com.ss.YouTube;
				PRODUCT_NAME = "$(TARGET_NAME)";
				SWIFT_VERSION = 5.0;
				TARGETED_DEVICE_FAMILY = "1,2";
			};
			name = Debug;
		};
		50D1B23E24B63E000032525F /* Release */ = {
			isa = XCBuildConfiguration;
			buildSettings = {
				ASSETCATALOG_COMPILER_APPICON_NAME = AppIcon;
				CODE_SIGN_STYLE = Automatic;
				DEVELOPMENT_TEAM = 52DGQ2Y4FA;
				INFOPLIST_FILE = YouTube/Info.plist;
				LD_RUNPATH_SEARCH_PATHS = (
					"$(inherited)",
					"@executable_path/Frameworks",
				);
				PRODUCT_BUNDLE_IDENTIFIER = com.ss.YouTube;
				PRODUCT_NAME = "$(TARGET_NAME)";
				SWIFT_VERSION = 5.0;
				TARGETED_DEVICE_FAMILY = "1,2";
			};
			name = Release;
		};
/* End XCBuildConfiguration section */

/* Begin XCConfigurationList section */
		50D1B22324B63DFF0032525F /* Build configuration list for PBXProject "YouTube" */ = {
			isa = XCConfigurationList;
			buildConfigurations = (
				50D1B23A24B63E000032525F /* Debug */,
				50D1B23B24B63E000032525F /* Release */,
			);
			defaultConfigurationIsVisible = 0;
			defaultConfigurationName = Release;
		};
		50D1B23C24B63E000032525F /* Build configuration list for PBXNativeTarget "YouTube" */ = {
			isa = XCConfigurationList;
			buildConfigurations = (
				50D1B23D24B63E000032525F /* Debug */,
				50D1B23E24B63E000032525F /* Release */,
			);
			defaultConfigurationIsVisible = 0;
			defaultConfigurationName = Release;
		};
/* End XCConfigurationList section */
	};
	rootObject = 50D1B22024B63DFF0032525F /* Project object */;
}
